
Microsoft Visual Studio Solution File, Format Version 12.00
# Visual Studio Version 17
VisualStudioVersion = 17.6.33829.357
MinimumVisualStudioVersion = 10.0.40219.1
Project("{FAE04EC0-301F-11D3-BF4B-00C04F79EFBC}") = "thi.netmvc", "thi.netmvc\thi.netmvc.csproj", "{110D1E02-CCAA-450E-AB6E-EB8122716F7F}"
EndProject
Global
	GlobalSection(SolutionConfigurationPlatforms) = preSolution
		Debug|Any CPU = Debug|Any CPU
		Release|Any CPU = Release|Any CPU
	EndGlobalSection
	GlobalSection(ProjectConfigurationPlatforms) = postSolution
		{110D1E02-CCAA-450E-AB6E-EB8122716F7F}.Debug|Any CPU.ActiveCfg = Debug|Any CPU
		{110D1E02-CCAA-450E-AB6E-EB8122716F7F}.Debug|Any CPU.Build.0 = Debug|Any CPU
		{110D1E02-CCAA-450E-AB6E-EB8122716F7F}.Release|Any CPU.ActiveCfg = Release|Any CPU
		{110D1E02-CCAA-450E-AB6E-EB8122716F7F}.Release|Any CPU.Build.0 = Release|Any CPU
	EndGlobalSection
	GlobalSection(SolutionProperties) = preSolution
		HideSolutionNode = FALSE
	EndGlobalSection
	GlobalSection(ExtensibilityGlobals) = postSolution
		SolutionGuid = {0E0CB25B-D307-4E84-99D6-04EF74AC8198}
	EndGlobalSection
EndGlobal
